
Microsoft Visual Studio Solution File, Format Version 12.00
# Visual Studio 15
VisualStudioVersion = 15.0.28010.2041
MinimumVisualStudioVersion = 10.0.40219.1
Project("{FAE04EC0-301F-11D3-BF4B-00C04F79EFBC}") = "CSharp", "CSharp\CSharp.csproj", "{BD8B00C9-A40F-4F19-977F-00C1F2019E12}"
EndProject
Project("{8BC9CEB8-8B4A-11D0-8D11-00A0C91BC942}") = "CPlus", "CPlus\CPlus.vcxproj", "{2AF7FD2F-1466-4421-9985-4176A7CC061C}"
EndProject
Project("{8BC9CEB8-8B4A-11D0-8D11-00A0C91BC942}") = "C", "C\C.vcxproj", "{17A8420C-E8DC-4EEA-BC33-5E6EF4E9751B}"
EndProject
Project("{FAE04EC0-301F-11D3-BF4B-00C04F79EFBC}") = "CSharpDelegateEvent", "CSharpDelegateEvent\CSharpDelegateEvent.csproj", "{89F345A0-3DE1-4082-A91A-3968A509B11B}"
EndProject
Project("{FAE04EC0-301F-11D3-BF4B-00C04F79EFBC}") = "CSharpDelegateEvent1", "CSharpDelegateEvent1\CSharpDelegateEvent1.csproj", "{EFE8CDA0-0328-4A10-953C-6BEBC03561A1}"
EndProject
Project("{FAE04EC0-301F-11D3-BF4B-00C04F79EFBC}") = "acme", "acme\acme.csproj", "{68F99412-C600-4149-96B6-049A0C967350}"
EndProject
Project("{FAE04EC0-301F-11D3-BF4B-00C04F79EFBC}") = "AcmeRun", "AcmeRun\AcmeRun.csproj", "{BF14045D-F3E1-4B12-8C50-F472977240BF}"
EndProject
Project("{FAE04EC0-301F-11D3-BF4B-00C04F79EFBC}") = "CSharpInterface", "CSharpInterface\CSharpInterface.csproj", "{FF6C9791-F41A-45BD-8EB9-4CBF49A94780}"
EndProject
Project("{FAE04EC0-301F-11D3-BF4B-00C04F79EFBC}") = "CSharpEnum", "CSharpEnum\CSharpEnum.csproj", "{65FA2302-82C3-4057-B4C9-4CC2CD45F8CF}"
EndProject
Project("{FAE04EC0-301F-11D3-BF4B-00C04F79EFBC}") = "CSharpDelegate", "CSharpDelegate\CSharpDelegate.csproj", "{F8AAD616-F32C-4C1D-8B45-69C72E9480B3}"
EndProject
Project("{FAE04EC0-301F-11D3-BF4B-00C04F79EFBC}") = "CSharpRefOut", "CSharpRefOut\CSharpRefOut.csproj", "{D0D8C931-186E-4B8D-AB9B-0F7DD6D90497}"
EndProject
Project("{FAE04EC0-301F-11D3-BF4B-00C04F79EFBC}") = "CSharpOverRide", "CSharpOverRide\CSharpOverRide.csproj", "{842F8AA6-51AF-48AC-AF64-2779972A1553}"
EndProject
Project("{FAE04EC0-301F-11D3-BF4B-00C04F79EFBC}") = "CSharpString", "CSharpString\CSharpString.csproj", "{78DEA0B1-7F42-46D0-8E41-F4E18C175B79}"
EndProject
Project("{FAE04EC0-301F-11D3-BF4B-00C04F79EFBC}") = "CSharpProgrammeGuide", "CSharpProgrammeGuide\CSharpProgrammeGuide.csproj", "{9F915D86-F504-47CA-B83C-4A56081F2B39}"
EndProject
Project("{FAE04EC0-301F-11D3-BF4B-00C04F79EFBC}") = "friend_signed_A", "friend_signed_A\friend_signed_A.csproj", "{8BB0EE05-AB0A-44DE-B877-C5AADF60A9C5}"
EndProject
Project("{FAE04EC0-301F-11D3-BF4B-00C04F79EFBC}") = "friend_unsigned_B", "friend_unsigned_B\friend_unsigned_B.csproj", "{E649C392-233D-45AC-B481-372965230412}"
EndProject
Project("{FAE04EC0-301F-11D3-BF4B-00C04F79EFBC}") = "UtilityMethods", "UtilityMethods\UtilityMethods.csproj", "{226C0D5D-8710-485B-9609-121DAC4BA562}"
EndProject
Project("{FAE04EC0-301F-11D3-BF4B-00C04F79EFBC}") = "CSharpClassStruct", "CSharpClassStruct\CSharpClassStruct.csproj", "{A25FB129-04EC-4E38-B3F5-07C6ADD87593}"
EndProject
Project("{FAE04EC0-301F-11D3-BF4B-00C04F79EFBC}") = "CSharp_smartrac", "CSharp_IniFile\CSharp_smartrac.csproj", "{4FCB4AA4-D0CD-44E1-9F9A-C834979619DE}"
EndProject
Global
	GlobalSection(SolutionConfigurationPlatforms) = preSolution
		Debug|Any CPU = Debug|Any CPU
		Debug|x64 = Debug|x64
		Debug|x86 = Debug|x86
		Release|Any CPU = Release|Any CPU
		Release|x64 = Release|x64
		Release|x86 = Release|x86
	EndGlobalSection
	GlobalSection(ProjectConfigurationPlatforms) = postSolution
		{BD8B00C9-A40F-4F19-977F-00C1F2019E12}.Debug|Any CPU.ActiveCfg = Debug|Any CPU
		{BD8B00C9-A40F-4F19-977F-00C1F2019E12}.Debug|Any CPU.Build.0 = Debug|Any CPU
		{BD8B00C9-A40F-4F19-977F-00C1F2019E12}.Debug|x64.ActiveCfg = Debug|Any CPU
		{BD8B00C9-A40F-4F19-977F-00C1F2019E12}.Debug|x64.Build.0 = Debug|Any CPU
		{BD8B00C9-A40F-4F19-977F-00C1F2019E12}.Debug|x86.ActiveCfg = Debug|Any CPU
		{BD8B00C9-A40F-4F19-977F-00C1F2019E12}.Debug|x86.Build.0 = Debug|Any CPU
		{BD8B00C9-A40F-4F19-977F-00C1F2019E12}.Release|Any CPU.ActiveCfg = Release|Any CPU
		{BD8B00C9-A40F-4F19-977F-00C1F2019E12}.Release|Any CPU.Build.0 = Release|Any CPU
		{BD8B00C9-A40F-4F19-977F-00C1F2019E12}.Release|x64.ActiveCfg = Release|Any CPU
		{BD8B00C9-A40F-4F19-977F-00C1F2019E12}.Release|x64.Build.0 = Release|Any CPU
		{BD8B00C9-A40F-4F19-977F-00C1F2019E12}.Release|x86.ActiveCfg = Release|Any CPU
		{BD8B00C9-A40F-4F19-977F-00C1F2019E12}.Release|x86.Build.0 = Release|Any CPU
		{2AF7FD2F-1466-4421-9985-4176A7CC061C}.Debug|Any CPU.ActiveCfg = Debug|Win32
		{2AF7FD2F-1466-4421-9985-4176A7CC061C}.Debug|Any CPU.Build.0 = Debug|Win32
		{2AF7FD2F-1466-4421-9985-4176A7CC061C}.Debug|x64.ActiveCfg = Debug|x64
		{2AF7FD2F-1466-4421-9985-4176A7CC061C}.Debug|x64.Build.0 = Debug|x64
		{2AF7FD2F-1466-4421-9985-4176A7CC061C}.Debug|x86.ActiveCfg = Debug|Win32
		{2AF7FD2F-1466-4421-9985-4176A7CC061C}.Debug|x86.Build.0 = Debug|Win32
		{2AF7FD2F-1466-4421-9985-4176A7CC061C}.Release|Any CPU.ActiveCfg = Release|Win32
		{2AF7FD2F-1466-4421-9985-4176A7CC061C}.Release|x64.ActiveCfg = Release|x64
		{2AF7FD2F-1466-4421-9985-4176A7CC061C}.Release|x64.Build.0 = Release|x64
		{2AF7FD2F-1466-4421-9985-4176A7CC061C}.Release|x86.ActiveCfg = Release|Win32
		{2AF7FD2F-1466-4421-9985-4176A7CC061C}.Release|x86.Build.0 = Release|Win32
		{17A8420C-E8DC-4EEA-BC33-5E6EF4E9751B}.Debug|Any CPU.ActiveCfg = Debug|Win32
		{17A8420C-E8DC-4EEA-BC33-5E6EF4E9751B}.Debug|x64.ActiveCfg = Debug|x64
		{17A8420C-E8DC-4EEA-BC33-5E6EF4E9751B}.Debug|x64.Build.0 = Debug|x64
		{17A8420C-E8DC-4EEA-BC33-5E6EF4E9751B}.Debug|x86.ActiveCfg = Debug|Win32
		{17A8420C-E8DC-4EEA-BC33-5E6EF4E9751B}.Debug|x86.Build.0 = Debug|Win32
		{17A8420C-E8DC-4EEA-BC33-5E6EF4E9751B}.Release|Any CPU.ActiveCfg = Release|Win32
		{17A8420C-E8DC-4EEA-BC33-5E6EF4E9751B}.Release|x64.ActiveCfg = Release|x64
		{17A8420C-E8DC-4EEA-BC33-5E6EF4E9751B}.Release|x64.Build.0 = Release|x64
		{17A8420C-E8DC-4EEA-BC33-5E6EF4E9751B}.Release|x86.ActiveCfg = Release|Win32
		{17A8420C-E8DC-4EEA-BC33-5E6EF4E9751B}.Release|x86.Build.0 = Release|Win32
		{89F345A0-3DE1-4082-A91A-3968A509B11B}.Debug|Any CPU.ActiveCfg = Debug|Any CPU
		{89F345A0-3DE1-4082-A91A-3968A509B11B}.Debug|Any CPU.Build.0 = Debug|Any CPU
		{89F345A0-3DE1-4082-A91A-3968A509B11B}.Debug|x64.ActiveCfg = Debug|Any CPU
		{89F345A0-3DE1-4082-A91A-3968A509B11B}.Debug|x64.Build.0 = Debug|Any CPU
		{89F345A0-3DE1-4082-A91A-3968A509B11B}.Debug|x86.ActiveCfg = Debug|Any CPU
		{89F345A0-3DE1-4082-A91A-3968A509B11B}.Debug|x86.Build.0 = Debug|Any CPU
		{89F345A0-3DE1-4082-A91A-3968A509B11B}.Release|Any CPU.ActiveCfg = Release|Any CPU
		{89F345A0-3DE1-4082-A91A-3968A509B11B}.Release|Any CPU.Build.0 = Release|Any CPU
		{89F345A0-3DE1-4082-A91A-3968A509B11B}.Release|x64.ActiveCfg = Release|Any CPU
		{89F345A0-3DE1-4082-A91A-3968A509B11B}.Release|x64.Build.0 = Release|Any CPU
		{89F345A0-3DE1-4082-A91A-3968A509B11B}.Release|x86.ActiveCfg = Release|Any CPU
		{89F345A0-3DE1-4082-A91A-3968A509B11B}.Release|x86.Build.0 = Release|Any CPU
		{EFE8CDA0-0328-4A10-953C-6BEBC03561A1}.Debug|Any CPU.ActiveCfg = Debug|Any CPU
		{EFE8CDA0-0328-4A10-953C-6BEBC03561A1}.Debug|Any CPU.Build.0 = Debug|Any CPU
		{EFE8CDA0-0328-4A10-953C-6BEBC03561A1}.Debug|x64.ActiveCfg = Debug|Any CPU
		{EFE8CDA0-0328-4A10-953C-6BEBC03561A1}.Debug|x64.Build.0 = Debug|Any CPU
		{EFE8CDA0-0328-4A10-953C-6BEBC03561A1}.Debug|x86.ActiveCfg = Debug|Any CPU
		{EFE8CDA0-0328-4A10-953C-6BEBC03561A1}.Debug|x86.Build.0 = Debug|Any CPU
		{EFE8CDA0-0328-4A10-953C-6BEBC03561A1}.Release|Any CPU.ActiveCfg = Release|Any CPU
		{EFE8CDA0-0328-4A10-953C-6BEBC03561A1}.Release|Any CPU.Build.0 = Release|Any CPU
		{EFE8CDA0-0328-4A10-953C-6BEBC03561A1}.Release|x64.ActiveCfg = Release|Any CPU
		{EFE8CDA0-0328-4A10-953C-6BEBC03561A1}.Release|x64.Build.0 = Release|Any CPU
		{EFE8CDA0-0328-4A10-953C-6BEBC03561A1}.Release|x86.ActiveCfg = Release|Any CPU
		{EFE8CDA0-0328-4A10-953C-6BEBC03561A1}.Release|x86.Build.0 = Release|Any CPU
		{68F99412-C600-4149-96B6-049A0C967350}.Debug|Any CPU.ActiveCfg = Debug|Any CPU
		{68F99412-C600-4149-96B6-049A0C967350}.Debug|Any CPU.Build.0 = Debug|Any CPU
		{68F99412-C600-4149-96B6-049A0C967350}.Debug|x64.ActiveCfg = Debug|Any CPU
		{68F99412-C600-4149-96B6-049A0C967350}.Debug|x64.Build.0 = Debug|Any CPU
		{68F99412-C600-4149-96B6-049A0C967350}.Debug|x86.ActiveCfg = Debug|Any CPU
		{68F99412-C600-4149-96B6-049A0C967350}.Debug|x86.Build.0 = Debug|Any CPU
		{68F99412-C600-4149-96B6-049A0C967350}.Release|Any CPU.ActiveCfg = Release|Any CPU
		{68F99412-C600-4149-96B6-049A0C967350}.Release|Any CPU.Build.0 = Release|Any CPU
		{68F99412-C600-4149-96B6-049A0C967350}.Release|x64.ActiveCfg = Release|Any CPU
		{68F99412-C600-4149-96B6-049A0C967350}.Release|x64.Build.0 = Release|Any CPU
		{68F99412-C600-4149-96B6-049A0C967350}.Release|x86.ActiveCfg = Release|Any CPU
		{68F99412-C600-4149-96B6-049A0C967350}.Release|x86.Build.0 = Release|Any CPU
		{BF14045D-F3E1-4B12-8C50-F472977240BF}.Debug|Any CPU.ActiveCfg = Debug|Any CPU
		{BF14045D-F3E1-4B12-8C50-F472977240BF}.Debug|Any CPU.Build.0 = Debug|Any CPU
		{BF14045D-F3E1-4B12-8C50-F472977240BF}.Debug|x64.ActiveCfg = Debug|Any CPU
		{BF14045D-F3E1-4B12-8C50-F472977240BF}.Debug|x64.Build.0 = Debug|Any CPU
		{BF14045D-F3E1-4B12-8C50-F472977240BF}.Debug|x86.ActiveCfg = Debug|Any CPU
		{BF14045D-F3E1-4B12-8C50-F472977240BF}.Debug|x86.Build.0 = Debug|Any CPU
		{BF14045D-F3E1-4B12-8C50-F472977240BF}.Release|Any CPU.ActiveCfg = Release|Any CPU
		{BF14045D-F3E1-4B12-8C50-F472977240BF}.Release|Any CPU.Build.0 = Release|Any CPU
		{BF14045D-F3E1-4B12-8C50-F472977240BF}.Release|x64.ActiveCfg = Release|Any CPU
		{BF14045D-F3E1-4B12-8C50-F472977240BF}.Release|x64.Build.0 = Release|Any CPU
		{BF14045D-F3E1-4B12-8C50-F472977240BF}.Release|x86.ActiveCfg = Release|Any CPU
		{BF14045D-F3E1-4B12-8C50-F472977240BF}.Release|x86.Build.0 = Release|Any CPU
		{FF6C9791-F41A-45BD-8EB9-4CBF49A94780}.Debug|Any CPU.ActiveCfg = Debug|Any CPU
		{FF6C9791-F41A-45BD-8EB9-4CBF49A94780}.Debug|Any CPU.Build.0 = Debug|Any CPU
		{FF6C9791-F41A-45BD-8EB9-4CBF49A94780}.Debug|x64.ActiveCfg = Debug|Any CPU
		{FF6C9791-F41A-45BD-8EB9-4CBF49A94780}.Debug|x64.Build.0 = Debug|Any CPU
		{FF6C9791-F41A-45BD-8EB9-4CBF49A94780}.Debug|x86.ActiveCfg = Debug|Any CPU
		{FF6C9791-F41A-45BD-8EB9-4CBF49A94780}.Debug|x86.Build.0 = Debug|Any CPU
		{FF6C9791-F41A-45BD-8EB9-4CBF49A94780}.Release|Any CPU.ActiveCfg = Release|Any CPU
		{FF6C9791-F41A-45BD-8EB9-4CBF49A94780}.Release|Any CPU.Build.0 = Release|Any CPU
		{FF6C9791-F41A-45BD-8EB9-4CBF49A94780}.Release|x64.ActiveCfg = Release|Any CPU
		{FF6C9791-F41A-45BD-8EB9-4CBF49A94780}.Release|x64.Build.0 = Release|Any CPU
		{FF6C9791-F41A-45BD-8EB9-4CBF49A94780}.Release|x86.ActiveCfg = Release|Any CPU
		{FF6C9791-F41A-45BD-8EB9-4CBF49A94780}.Release|x86.Build.0 = Release|Any CPU
		{65FA2302-82C3-4057-B4C9-4CC2CD45F8CF}.Debug|Any CPU.ActiveCfg = Debug|Any CPU
		{65FA2302-82C3-4057-B4C9-4CC2CD45F8CF}.Debug|Any CPU.Build.0 = Debug|Any CPU
		{65FA2302-82C3-4057-B4C9-4CC2CD45F8CF}.Debug|x64.ActiveCfg = Debug|Any CPU
		{65FA2302-82C3-4057-B4C9-4CC2CD45F8CF}.Debug|x64.Build.0 = Debug|Any CPU
		{65FA2302-82C3-4057-B4C9-4CC2CD45F8CF}.Debug|x86.ActiveCfg = Debug|Any CPU
		{65FA2302-82C3-4057-B4C9-4CC2CD45F8CF}.Debug|x86.Build.0 = Debug|Any CPU
		{65FA2302-82C3-4057-B4C9-4CC2CD45F8CF}.Release|Any CPU.ActiveCfg = Release|Any CPU
		{65FA2302-82C3-4057-B4C9-4CC2CD45F8CF}.Release|Any CPU.Build.0 = Release|Any CPU
		{65FA2302-82C3-4057-B4C9-4CC2CD45F8CF}.Release|x64.ActiveCfg = Release|Any CPU
		{65FA2302-82C3-4057-B4C9-4CC2CD45F8CF}.Release|x64.Build.0 = Release|Any CPU
		{65FA2302-82C3-4057-B4C9-4CC2CD45F8CF}.Release|x86.ActiveCfg = Release|Any CPU
		{65FA2302-82C3-4057-B4C9-4CC2CD45F8CF}.Release|x86.Build.0 = Release|Any CPU
		{F8AAD616-F32C-4C1D-8B45-69C72E9480B3}.Debug|Any CPU.ActiveCfg = Debug|Any CPU
		{F8AAD616-F32C-4C1D-8B45-69C72E9480B3}.Debug|Any CPU.Build.0 = Debug|Any CPU
		{F8AAD616-F32C-4C1D-8B45-69C72E9480B3}.Debug|x64.ActiveCfg = Debug|Any CPU
		{F8AAD616-F32C-4C1D-8B45-69C72E9480B3}.Debug|x64.Build.0 = Debug|Any CPU
		{F8AAD616-F32C-4C1D-8B45-69C72E9480B3}.Debug|x86.ActiveCfg = Debug|Any CPU
		{F8AAD616-F32C-4C1D-8B45-69C72E9480B3}.Debug|x86.Build.0 = Debug|Any CPU
		{F8AAD616-F32C-4C1D-8B45-69C72E9480B3}.Release|Any CPU.ActiveCfg = Release|Any CPU
		{F8AAD616-F32C-4C1D-8B45-69C72E9480B3}.Release|Any CPU.Build.0 = Release|Any CPU
		{F8AAD616-F32C-4C1D-8B45-69C72E9480B3}.Release|x64.ActiveCfg = Release|Any CPU
		{F8AAD616-F32C-4C1D-8B45-69C72E9480B3}.Release|x64.Build.0 = Release|Any CPU
		{F8AAD616-F32C-4C1D-8B45-69C72E9480B3}.Release|x86.ActiveCfg = Release|Any CPU
		{F8AAD616-F32C-4C1D-8B45-69C72E9480B3}.Release|x86.Build.0 = Release|Any CPU
		{D0D8C931-186E-4B8D-AB9B-0F7DD6D90497}.Debug|Any CPU.ActiveCfg = Debug|Any CPU
		{D0D8C931-186E-4B8D-AB9B-0F7DD6D90497}.Debug|Any CPU.Build.0 = Debug|Any CPU
		{D0D8C931-186E-4B8D-AB9B-0F7DD6D90497}.Debug|x64.ActiveCfg = Debug|Any CPU
		{D0D8C931-186E-4B8D-AB9B-0F7DD6D90497}.Debug|x64.Build.0 = Debug|Any CPU
		{D0D8C931-186E-4B8D-AB9B-0F7DD6D90497}.Debug|x86.ActiveCfg = Debug|Any CPU
		{D0D8C931-186E-4B8D-AB9B-0F7DD6D90497}.Debug|x86.Build.0 = Debug|Any CPU
		{D0D8C931-186E-4B8D-AB9B-0F7DD6D90497}.Release|Any CPU.ActiveCfg = Release|Any CPU
		{D0D8C931-186E-4B8D-AB9B-0F7DD6D90497}.Release|Any CPU.Build.0 = Release|Any CPU
		{D0D8C931-186E-4B8D-AB9B-0F7DD6D90497}.Release|x64.ActiveCfg = Release|Any CPU
		{D0D8C931-186E-4B8D-AB9B-0F7DD6D90497}.Release|x64.Build.0 = Release|Any CPU
		{D0D8C931-186E-4B8D-AB9B-0F7DD6D90497}.Release|x86.ActiveCfg = Release|Any CPU
		{D0D8C931-186E-4B8D-AB9B-0F7DD6D90497}.Release|x86.Build.0 = Release|Any CPU
		{842F8AA6-51AF-48AC-AF64-2779972A1553}.Debug|Any CPU.ActiveCfg = Debug|Any CPU
		{842F8AA6-51AF-48AC-AF64-2779972A1553}.Debug|Any CPU.Build.0 = Debug|Any CPU
		{842F8AA6-51AF-48AC-AF64-2779972A1553}.Debug|x64.ActiveCfg = Debug|Any CPU
		{842F8AA6-51AF-48AC-AF64-2779972A1553}.Debug|x64.Build.0 = Debug|Any CPU
		{842F8AA6-51AF-48AC-AF64-2779972A1553}.Debug|x86.ActiveCfg = Debug|Any CPU
		{842F8AA6-51AF-48AC-AF64-2779972A1553}.Debug|x86.Build.0 = Debug|Any CPU
		{842F8AA6-51AF-48AC-AF64-2779972A1553}.Release|Any CPU.ActiveCfg = Release|Any CPU
		{842F8AA6-51AF-48AC-AF64-2779972A1553}.Release|Any CPU.Build.0 = Release|Any CPU
		{842F8AA6-51AF-48AC-AF64-2779972A1553}.Release|x64.ActiveCfg = Release|Any CPU
		{842F8AA6-51AF-48AC-AF64-2779972A1553}.Release|x64.Build.0 = Release|Any CPU
		{842F8AA6-51AF-48AC-AF64-2779972A1553}.Release|x86.ActiveCfg = Release|Any CPU
		{842F8AA6-51AF-48AC-AF64-2779972A1553}.Release|x86.Build.0 = Release|Any CPU
		{78DEA0B1-7F42-46D0-8E41-F4E18C175B79}.Debug|Any CPU.ActiveCfg = Debug|Any CPU
		{78DEA0B1-7F42-46D0-8E41-F4E18C175B79}.Debug|Any CPU.Build.0 = Debug|Any CPU
		{78DEA0B1-7F42-46D0-8E41-F4E18C175B79}.Debug|x64.ActiveCfg = Debug|Any CPU
		{78DEA0B1-7F42-46D0-8E41-F4E18C175B79}.Debug|x64.Build.0 = Debug|Any CPU
		{78DEA0B1-7F42-46D0-8E41-F4E18C175B79}.Debug|x86.ActiveCfg = Debug|Any CPU
		{78DEA0B1-7F42-46D0-8E41-F4E18C175B79}.Debug|x86.Build.0 = Debug|Any CPU
		{78DEA0B1-7F42-46D0-8E41-F4E18C175B79}.Release|Any CPU.ActiveCfg = Release|Any CPU
		{78DEA0B1-7F42-46D0-8E41-F4E18C175B79}.Release|Any CPU.Build.0 = Release|Any CPU
		{78DEA0B1-7F42-46D0-8E41-F4E18C175B79}.Release|x64.ActiveCfg = Release|Any CPU
		{78DEA0B1-7F42-46D0-8E41-F4E18C175B79}.Release|x64.Build.0 = Release|Any CPU
		{78DEA0B1-7F42-46D0-8E41-F4E18C175B79}.Release|x86.ActiveCfg = Release|Any CPU
		{78DEA0B1-7F42-46D0-8E41-F4E18C175B79}.Release|x86.Build.0 = Release|Any CPU
		{9F915D86-F504-47CA-B83C-4A56081F2B39}.Debug|Any CPU.ActiveCfg = Debug|Any CPU
		{9F915D86-F504-47CA-B83C-4A56081F2B39}.Debug|Any CPU.Build.0 = Debug|Any CPU
		{9F915D86-F504-47CA-B83C-4A56081F2B39}.Debug|x64.ActiveCfg = Debug|Any CPU
		{9F915D86-F504-47CA-B83C-4A56081F2B39}.Debug|x64.Build.0 = Debug|Any CPU
		{9F915D86-F504-47CA-B83C-4A56081F2B39}.Debug|x86.ActiveCfg = Debug|Any CPU
		{9F915D86-F504-47CA-B83C-4A56081F2B39}.Debug|x86.Build.0 = Debug|Any CPU
		{9F915D86-F504-47CA-B83C-4A56081F2B39}.Release|Any CPU.ActiveCfg = Release|Any CPU
		{9F915D86-F504-47CA-B83C-4A56081F2B39}.Release|Any CPU.Build.0 = Release|Any CPU
		{9F915D86-F504-47CA-B83C-4A56081F2B39}.Release|x64.ActiveCfg = Release|Any CPU
		{9F915D86-F504-47CA-B83C-4A56081F2B39}.Release|x64.Build.0 = Release|Any CPU
		{9F915D86-F504-47CA-B83C-4A56081F2B39}.Release|x86.ActiveCfg = Release|Any CPU
		{9F915D86-F504-47CA-B83C-4A56081F2B39}.Release|x86.Build.0 = Release|Any CPU
		{8BB0EE05-AB0A-44DE-B877-C5AADF60A9C5}.Debug|Any CPU.ActiveCfg = Debug|Any CPU
		{8BB0EE05-AB0A-44DE-B877-C5AADF60A9C5}.Debug|Any CPU.Build.0 = Debug|Any CPU
		{8BB0EE05-AB0A-44DE-B877-C5AADF60A9C5}.Debug|x64.ActiveCfg = Debug|Any CPU
		{8BB0EE05-AB0A-44DE-B877-C5AADF60A9C5}.Debug|x64.Build.0 = Debug|Any CPU
		{8BB0EE05-AB0A-44DE-B877-C5AADF60A9C5}.Debug|x86.ActiveCfg = Debug|Any CPU
		{8BB0EE05-AB0A-44DE-B877-C5AADF60A9C5}.Debug|x86.Build.0 = Debug|Any CPU
		{8BB0EE05-AB0A-44DE-B877-C5AADF60A9C5}.Release|Any CPU.ActiveCfg = Release|Any CPU
		{8BB0EE05-AB0A-44DE-B877-C5AADF60A9C5}.Release|Any CPU.Build.0 = Release|Any CPU
		{8BB0EE05-AB0A-44DE-B877-C5AADF60A9C5}.Release|x64.ActiveCfg = Release|Any CPU
		{8BB0EE05-AB0A-44DE-B877-C5AADF60A9C5}.Release|x64.Build.0 = Release|Any CPU
		{8BB0EE05-AB0A-44DE-B877-C5AADF60A9C5}.Release|x86.ActiveCfg = Release|Any CPU
		{8BB0EE05-AB0A-44DE-B877-C5AADF60A9C5}.Release|x86.Build.0 = Release|Any CPU
		{E649C392-233D-45AC-B481-372965230412}.Debug|Any CPU.ActiveCfg = Debug|Any CPU
		{E649C392-233D-45AC-B481-372965230412}.Debug|Any CPU.Build.0 = Debug|Any CPU
		{E649C392-233D-45AC-B481-372965230412}.Debug|x64.ActiveCfg = Debug|Any CPU
		{E649C392-233D-45AC-B481-372965230412}.Debug|x64.Build.0 = Debug|Any CPU
		{E649C392-233D-45AC-B481-372965230412}.Debug|x86.ActiveCfg = Debug|Any CPU
		{E649C392-233D-45AC-B481-372965230412}.Debug|x86.Build.0 = Debug|Any CPU
		{E649C392-233D-45AC-B481-372965230412}.Release|Any CPU.ActiveCfg = Release|Any CPU
		{E649C392-233D-45AC-B481-372965230412}.Release|Any CPU.Build.0 = Release|Any CPU
		{E649C392-233D-45AC-B481-372965230412}.Release|x64.ActiveCfg = Release|Any CPU
		{E649C392-233D-45AC-B481-372965230412}.Release|x64.Build.0 = Release|Any CPU
		{E649C392-233D-45AC-B481-372965230412}.Release|x86.ActiveCfg = Release|Any CPU
		{E649C392-233D-45AC-B481-372965230412}.Release|x86.Build.0 = Release|Any CPU
		{226C0D5D-8710-485B-9609-121DAC4BA562}.Debug|Any CPU.ActiveCfg = Debug|Any CPU
		{226C0D5D-8710-485B-9609-121DAC4BA562}.Debug|Any CPU.Build.0 = Debug|Any CPU
		{226C0D5D-8710-485B-9609-121DAC4BA562}.Debug|x64.ActiveCfg = Debug|Any CPU
		{226C0D5D-8710-485B-9609-121DAC4BA562}.Debug|x64.Build.0 = Debug|Any CPU
		{226C0D5D-8710-485B-9609-121DAC4BA562}.Debug|x86.ActiveCfg = Debug|Any CPU
		{226C0D5D-8710-485B-9609-121DAC4BA562}.Debug|x86.Build.0 = Debug|Any CPU
		{226C0D5D-8710-485B-9609-121DAC4BA562}.Release|Any CPU.ActiveCfg = Release|Any CPU
		{226C0D5D-8710-485B-9609-121DAC4BA562}.Release|Any CPU.Build.0 = Release|Any CPU
		{226C0D5D-8710-485B-9609-121DAC4BA562}.Release|x64.ActiveCfg = Release|Any CPU
		{226C0D5D-8710-485B-9609-121DAC4BA562}.Release|x64.Build.0 = Release|Any CPU
		{226C0D5D-8710-485B-9609-121DAC4BA562}.Release|x86.ActiveCfg = Release|Any CPU
		{226C0D5D-8710-485B-9609-121DAC4BA562}.Release|x86.Build.0 = Release|Any CPU
		{A25FB129-04EC-4E38-B3F5-07C6ADD87593}.Debug|Any CPU.ActiveCfg = Debug|Any CPU
		{A25FB129-04EC-4E38-B3F5-07C6ADD87593}.Debug|Any CPU.Build.0 = Debug|Any CPU
		{A25FB129-04EC-4E38-B3F5-07C6ADD87593}.Debug|x64.ActiveCfg = Debug|Any CPU
		{A25FB129-04EC-4E38-B3F5-07C6ADD87593}.Debug|x64.Build.0 = Debug|Any CPU
		{A25FB129-04EC-4E38-B3F5-07C6ADD87593}.Debug|x86.ActiveCfg = Debug|Any CPU
		{A25FB129-04EC-4E38-B3F5-07C6ADD87593}.Debug|x86.Build.0 = Debug|Any CPU
		{A25FB129-04EC-4E38-B3F5-07C6ADD87593}.Release|Any CPU.ActiveCfg = Release|Any CPU
		{A25FB129-04EC-4E38-B3F5-07C6ADD87593}.Release|Any CPU.Build.0 = Release|Any CPU
		{A25FB129-04EC-4E38-B3F5-07C6ADD87593}.Release|x64.ActiveCfg = Release|Any CPU
		{A25FB129-04EC-4E38-B3F5-07C6ADD87593}.Release|x64.Build.0 = Release|Any CPU
		{A25FB129-04EC-4E38-B3F5-07C6ADD87593}.Release|x86.ActiveCfg = Release|Any CPU
		{A25FB129-04EC-4E38-B3F5-07C6ADD87593}.Release|x86.Build.0 = Release|Any CPU
		{4FCB4AA4-D0CD-44E1-9F9A-C834979619DE}.Debug|Any CPU.ActiveCfg = Debug|Any CPU
		{4FCB4AA4-D0CD-44E1-9F9A-C834979619DE}.Debug|Any CPU.Build.0 = Debug|Any CPU
		{4FCB4AA4-D0CD-44E1-9F9A-C834979619DE}.Debug|x64.ActiveCfg = Debug|Any CPU
		{4FCB4AA4-D0CD-44E1-9F9A-C834979619DE}.Debug|x64.Build.0 = Debug|Any CPU
		{4FCB4AA4-D0CD-44E1-9F9A-C834979619DE}.Debug|x86.ActiveCfg = Debug|Any CPU
		{4FCB4AA4-D0CD-44E1-9F9A-C834979619DE}.Debug|x86.Build.0 = Debug|Any CPU
		{4FCB4AA4-D0CD-44E1-9F9A-C834979619DE}.Release|Any CPU.ActiveCfg = Release|Any CPU
		{4FCB4AA4-D0CD-44E1-9F9A-C834979619DE}.Release|Any CPU.Build.0 = Release|Any CPU
		{4FCB4AA4-D0CD-44E1-9F9A-C834979619DE}.Release|x64.ActiveCfg = Release|Any CPU
		{4FCB4AA4-D0CD-44E1-9F9A-C834979619DE}.Release|x64.Build.0 = Release|Any CPU
		{4FCB4AA4-D0CD-44E1-9F9A-C834979619DE}.Release|x86.ActiveCfg = Release|Any CPU
		{4FCB4AA4-D0CD-44E1-9F9A-C834979619DE}.Release|x86.Build.0 = Release|Any CPU
	EndGlobalSection
	GlobalSection(SolutionProperties) = preSolution
		HideSolutionNode = FALSE
	EndGlobalSection
	GlobalSection(ExtensibilityGlobals) = postSolution
		SolutionGuid = {295446B7-7383-4ACB-BC98-92CB997925D9}
	EndGlobalSection
EndGlobal
