
Microsoft Visual Studio Solution File, Format Version 12.00
# Visual Studio 15
VisualStudioVersion = 15.0.28010.2041
MinimumVisualStudioVersion = 10.0.40219.1
Project("{FAE04EC0-301F-11D3-BF4B-00C04F79EFBC}") = "smartrac_sw", "smartrac_sw\smartrac_sw.csproj", "{8AD7D158-4CF7-4BF2-9159-13F0181EEEDC}"
EndProject
Global
	GlobalSection(SolutionConfigurationPlatforms) = preSolution
		Debug|Any CPU = Debug|Any CPU
		Release|Any CPU = Release|Any CPU
	EndGlobalSection
	GlobalSection(ProjectConfigurationPlatforms) = postSolution
		{8AD7D158-4CF7-4BF2-9159-13F0181EEEDC}.Debug|Any CPU.ActiveCfg = Debug|Any CPU
		{8AD7D158-4CF7-4BF2-9159-13F0181EEEDC}.Debug|Any CPU.Build.0 = Debug|Any CPU
		{8AD7D158-4CF7-4BF2-9159-13F0181EEEDC}.Release|Any CPU.ActiveCfg = Release|Any CPU
		{8AD7D158-4CF7-4BF2-9159-13F0181EEEDC}.Release|Any CPU.Build.0 = Release|Any CPU
	EndGlobalSection
	GlobalSection(SolutionProperties) = preSolution
		HideSolutionNode = FALSE
	EndGlobalSection
	GlobalSection(ExtensibilityGlobals) = postSolution
		SolutionGuid = {1B1D1424-18B9-4774-8DF1-D6D07B52862E}
	EndGlobalSection
EndGlobal
